
Microsoft Visual Studio Solution File, Format Version 12.00
# Visual Studio Version 17
VisualStudioVersion = 17.8.34525.116
MinimumVisualStudioVersion = 10.0.40219.1
Project("{FAE04EC0-301F-11D3-BF4B-00C04F79EFBC}") = "SignalRSamples", "SignalRSamples\SignalRSamples.csproj", "{F02E4426-43D7-4F95-A7BB-055D39937957}"
EndProject
Global
	GlobalSection(SolutionConfigurationPlatforms) = preSolution
		Debug|Any CPU = Debug|Any CPU
		Release|Any CPU = Release|Any CPU
	EndGlobalSection
	GlobalSection(ProjectConfigurationPlatforms) = postSolution
		{F02E4426-43D7-4F95-A7BB-055D39937957}.Debug|Any CPU.ActiveCfg = Debug|Any CPU
		{F02E4426-43D7-4F95-A7BB-055D39937957}.Debug|Any CPU.Build.0 = Debug|Any CPU
		{F02E4426-43D7-4F95-A7BB-055D39937957}.Release|Any CPU.ActiveCfg = Release|Any CPU
		{F02E4426-43D7-4F95-A7BB-055D39937957}.Release|Any CPU.Build.0 = Release|Any CPU
	EndGlobalSection
	GlobalSection(SolutionProperties) = preSolution
		HideSolutionNode = FALSE
	EndGlobalSection
	GlobalSection(ExtensibilityGlobals) = postSolution
		SolutionGuid = {47CF9BAE-D8FB-4DF2-BDE0-EB94A4D49AE7}
	EndGlobalSection
EndGlobal
